Microsoft Visual Studio Solution File, Format Version 12.00
# Visual Studio Version 17
VisualStudioVersion = 17.5.2.0
MinimumVisualStudioVersion = 10.0.40219.1
Project("{2150E333-8FDC-42A3-9474-1A3956D46DE8}") = "csharp", "csharp", "{B41BF331-FCCB-2ADF-CDB6-767964B34647}"
EndProject
Project("{FAE04EC0-301F-11D3-BF4B-00C04F79EFBC}") = "CrossChat", "csharp\CrossChat.csproj", "{53AF323C-C690-87B4-6D55-C9FE328F68C9}"
EndProject
Global
	GlobalSection(SolutionConfigurationPlatforms) = preSolution
		Debug|Any CPU = Debug|Any CPU
		Release|Any CPU = Release|Any CPU
	EndGlobalSection
	GlobalSection(ProjectConfigurationPlatforms) = postSolution
		{53AF323C-C690-87B4-6D55-C9FE328F68C9}.Debug|Any CPU.ActiveCfg = Debug|Any CPU
		{53AF323C-C690-87B4-6D55-C9FE328F68C9}.Debug|Any CPU.Build.0 = Debug|Any CPU
		{53AF323C-C690-87B4-6D55-C9FE328F68C9}.Release|Any CPU.ActiveCfg = Release|Any CPU
		{53AF323C-C690-87B4-6D55-C9FE328F68C9}.Release|Any CPU.Build.0 = Release|Any CPU
	EndGlobalSection
	GlobalSection(SolutionProperties) = preSolution
		HideSolutionNode = FALSE
	EndGlobalSection
	GlobalSection(NestedProjects) = preSolution
		{53AF323C-C690-87B4-6D55-C9FE328F68C9} = {B41BF331-FCCB-2ADF-CDB6-767964B34647}
	EndGlobalSection
	GlobalSection(ExtensibilityGlobals) = postSolution
		SolutionGuid = {B9CE713A-0FE3-4C15-B843-09F8B77CE01C}
	EndGlobalSection
EndGlobal
